
Microsoft Visual Studio Solution File, Format Version 12.00
# Visual Studio Version 17
VisualStudioVersion = 17.9.34728.123
MinimumVisualStudioVersion = 10.0.40219.1
Project("{FAE04EC0-301F-11D3-BF4B-00C04F79EFBC}") = "WebProject", "WebProject\WebProject.csproj", "{EA192970-7847-446B-BC57-B412F3261F14}"
EndProject
Global
	GlobalSection(SolutionConfigurationPlatforms) = preSolution
		Debug|Any CPU = Debug|Any CPU
		Release|Any CPU = Release|Any CPU
	EndGlobalSection
	GlobalSection(ProjectConfigurationPlatforms) = postSolution
		{EA192970-7847-446B-BC57-B412F3261F14}.Debug|Any CPU.ActiveCfg = Debug|Any CPU
		{EA192970-7847-446B-BC57-B412F3261F14}.Debug|Any CPU.Build.0 = Debug|Any CPU
		{EA192970-7847-446B-BC57-B412F3261F14}.Release|Any CPU.ActiveCfg = Release|Any CPU
		{EA192970-7847-446B-BC57-B412F3261F14}.Release|Any CPU.Build.0 = Release|Any CPU
	EndGlobalSection
	GlobalSection(SolutionProperties) = preSolution
		HideSolutionNode = FALSE
	EndGlobalSection
	GlobalSection(ExtensibilityGlobals) = postSolution
		SolutionGuid = {00AAA402-2C82-4AEC-BDE7-3525B55F79AE}
	EndGlobalSection
EndGlobal
